
Microsoft Visual Studio Solution File, Format Version 12.00
# Visual Studio 2012
Project("{FAE04EC0-301F-11D3-BF4B-00C04F79EFBC}") = "open_sdk_csharp", "open_sdk_csharp\open_sdk_csharp.csproj", "{12D1C091-D26C-4E12-99CF-351774CE24BE}"
EndProject
Global
	GlobalSection(SolutionConfigurationPlatforms) = preSolution
		Debug|Any CPU = Debug|Any CPU
		Release|Any CPU = Release|Any CPU
	EndGlobalSection
	GlobalSection(ProjectConfigurationPlatforms) = postSolution
		{12D1C091-D26C-4E12-99CF-351774CE24BE}.Debug|Any CPU.ActiveCfg = Debug|Any CPU
		{12D1C091-D26C-4E12-99CF-351774CE24BE}.Debug|Any CPU.Build.0 = Debug|Any CPU
		{12D1C091-D26C-4E12-99CF-351774CE24BE}.Release|Any CPU.ActiveCfg = Release|Any CPU
		{12D1C091-D26C-4E12-99CF-351774CE24BE}.Release|Any CPU.Build.0 = Release|Any CPU
	EndGlobalSection
EndGlobal
