
Microsoft Visual Studio Solution File, Format Version 12.00
# Visual Studio 15
VisualStudioVersion = 15.0.28307.271
MinimumVisualStudioVersion = 10.0.40219.1
Project("{9A19103F-16F7-4668-BE54-9A1E7A4F7556}") = "dotnet-core_2-1", "open_sdk_csharp\dotnet-core_2-1.csproj", "{EF1F4D87-86B8-4933-A0D5-3E7074B892DD}"
EndProject
Project("{2150E333-8FDC-42A3-9474-1A3956D46DE8}") = "Solution Items", "Solution Items", "{499F0BAF-785F-49BF-A5BB-68D88DBF9261}"
	ProjectSection(SolutionItems) = preProject
		README.md = README.md
	EndProjectSection
EndProject
Project("{FAE04EC0-301F-11D3-BF4B-00C04F79EFBC}") = "TestCore", "TestCore\TestCore.csproj", "{7240BB18-5F7A-476B-96B8-8EB6504C4FDC}"
EndProject
Global
	GlobalSection(SolutionConfigurationPlatforms) = preSolution
		Debug|Any CPU = Debug|Any CPU
		Release|Any CPU = Release|Any CPU
	EndGlobalSection
	GlobalSection(ProjectConfigurationPlatforms) = postSolution
		{EF1F4D87-86B8-4933-A0D5-3E7074B892DD}.Debug|Any CPU.ActiveCfg = Debug|Any CPU
		{EF1F4D87-86B8-4933-A0D5-3E7074B892DD}.Debug|Any CPU.Build.0 = Debug|Any CPU
		{EF1F4D87-86B8-4933-A0D5-3E7074B892DD}.Release|Any CPU.ActiveCfg = Release|Any CPU
		{EF1F4D87-86B8-4933-A0D5-3E7074B892DD}.Release|Any CPU.Build.0 = Release|Any CPU
		{7240BB18-5F7A-476B-96B8-8EB6504C4FDC}.Debug|Any CPU.ActiveCfg = Debug|Any CPU
		{7240BB18-5F7A-476B-96B8-8EB6504C4FDC}.Debug|Any CPU.Build.0 = Debug|Any CPU
		{7240BB18-5F7A-476B-96B8-8EB6504C4FDC}.Release|Any CPU.ActiveCfg = Release|Any CPU
		{7240BB18-5F7A-476B-96B8-8EB6504C4FDC}.Release|Any CPU.Build.0 = Release|Any CPU
	EndGlobalSection
	GlobalSection(SolutionProperties) = preSolution
		HideSolutionNode = FALSE
	EndGlobalSection
	GlobalSection(ExtensibilityGlobals) = postSolution
		SolutionGuid = {6E16070E-D304-4238-8D22-D1AF02029ABA}
	EndGlobalSection
EndGlobal
